// !$*UTF8*$!
{
	archiveVersion = 1;
	classes = {
	};
	objectVersion = 46;
	objects = {

/* Begin PBXBuildFile section */
		334409401E9750D7001219B9 /* AppDelegate.swift in Sources */ = {isa = PBXBuildFile; fileRef = 3344093F1E9750D7001219B9 /* AppDelegate.swift */; };
		334409421E9750D7001219B9 /* ViewController.swift in Sources */ = {isa = PBXBuildFile; fileRef = 334409411E9750D7001219B9 /* ViewController.swift */; };
		334409451E9750D7001219B9 /* Main.storyboard in Resources */ = {isa = PBXBuildFile; fileRef = 334409431E9750D7001219B9 /* Main.storyboard */; };
		334409471E9750D7001219B9 /* Assets.xcassets in Resources */ = {isa = PBXBuildFile; fileRef = 334409461E9750D7001219B9 /* Assets.xcassets */; };
		3344094A1E9750D7001219B9 /* LaunchScreen.storyboard in Resources */ = {isa = PBXBuildFile; fileRef = 334409481E9750D7001219B9 /* LaunchScreen.storyboard */; };
/* End PBXBuildFile section */

/* Begin PBXFileReference section */
		3344093C1E9750D7001219B9 /* 00357034_hw1.app */ = {isa = PBXFileReference; explicitFileType = wrapper.application; includeInIndex = 0; path = 00357034_hw1.app; sourceTree = BUILT_PRODUCTS_DIR; };
		3344093F1E9750D7001219B9 /* AppDelegate.swift */ = {isa = PBXFileReference; lastKnownFileType = sourcecode.swift; path = AppDelegate.swift; sourceTree = "<group>"; };
		334409411E9750D7001219B9 /* ViewController.swift */ = {isa = PBXFileReference; lastKnownFileType = sourcecode.swift; path = ViewController.swift; sourceTree = "<group>"; };
		334409441E9750D7001219B9 /* Base */ = {isa = PBXFileReference; lastKnownFileType = file.storyboard; name = Base; path = Base.lproj/Main.storyboard; sourceTree = "<group>"; };
		334409461E9750D7001219B9 /* Assets.xcassets */ = {isa = PBXFileReference; lastKnownFileType = folder.assetcatalog; path = Assets.xcassets; sourceTree = "<group>"; };
		334409491E9750D7001219B9 /* Base */ = {isa = PBXFileReference; lastKnownFileType = file.storyboard; name = Base; path = Base.lproj/LaunchScreen.storyboard; sourceTree = "<group>"; };
		3344094B1E9750D7001219B9 /* Info.plist */ = {isa = PBXFileReference; lastKnownFileType = text.plist.xml; path = Info.plist; sourceTree = "<group>"; };
/* End PBXFileReference section */

/* Begin PBXFrameworksBuildPhase section */
		334409391E9750D7001219B9 /* Frameworks */ = {
			isa = PBXFrameworksBuildPhase;
			buildActionMask = 2147483647;
			files = (
			);
			runOnlyForDeploymentPostprocessing = 0;
		};
/* End PBXFrameworksBuildPhase section */

/* Begin PBXGroup section */
		334409331E9750D7001219B9 = {
			isa = PBXGroup;
			children = (
				3344093E1E9750D7001219B9 /* 00357034_hw1 */,
				3344093D1E9750D7001219B9 /* Products */,
			);
			sourceTree = "<group>";
		};
		3344093D1E9750D7001219B9 /* Products */ = {
			isa = PBXGroup;
			children = (
				3344093C1E9750D7001219B9 /* 00357034_hw1.app */,
			);
			name = Products;
			sourceTree = "<group>";
		};
		3344093E1E9750D7001219B9 /* 00357034_hw1 */ = {
			isa = PBXGroup;
			children = (
				3344093F1E9750D7001219B9 /* AppDelegate.swift */,
				334409411E9750D7001219B9 /* ViewController.swift */,
				334409431E9750D7001219B9 /* Main.storyboard */,
				334409461E9750D7001219B9 /* Assets.xcassets */,
				334409481E9750D7001219B9 /* LaunchScreen.storyboard */,
				3344094B1E9750D7001219B9 /* Info.plist */,
			);
			path = 00357034_hw1;
			sourceTree = "<group>";
		};
/* End PBXGroup section */

/* Begin PBXNativeTarget section */
		3344093B1E9750D7001219B9 /* 00357034_hw1 */ = {
			isa = PBXNativeTarget;
			buildConfigurationList = 3344094E1E9750D7001219B9 /* Build configuration list for PBXNativeTarget "00357034_hw1" */;
			buildPhases = (
				334409381E9750D7001219B9 /* Sources */,
				334409391E9750D7001219B9 /* Frameworks */,
				3344093A1E9750D7001219B9 /* Resources */,
			);
			buildRules = (
			);
			dependencies = (
			);
			name = 00357034_hw1;
			productName = 00357034_hw1;
			productReference = 3344093C1E9750D7001219B9 /* 00357034_hw1.app */;
			productType = "com.apple.product-type.application";
		};
/* End PBXNativeTarget section */

/* Begin PBXProject section */
		334409341E9750D7001219B9 /* Project object */ = {
			isa = PBXProject;
			attributes = {
				LastSwiftUpdateCheck = 0830;
				LastUpgradeCheck = 0830;
				ORGANIZATIONNAME = user24;
				TargetAttributes = {
					3344093B1E9750D7001219B9 = {
						CreatedOnToolsVersion = 8.3;
						ProvisioningStyle = Automatic;
					};
				};
			};
			buildConfigurationList = 334409371E9750D7001219B9 /* Build configuration list for PBXProject "00357034_hw1" */;
			compatibilityVersion = "Xcode 3.2";
			developmentRegion = English;
			hasScannedForEncodings = 0;
			knownRegions = (
				en,
				Base,
			);
			mainGroup = 334409331E9750D7001219B9;
			productRefGroup = 3344093D1E9750D7001219B9 /* Products */;
			projectDirPath = "";
			projectRoot = "";
			targets = (
				3344093B1E9750D7001219B9 /* 00357034_hw1 */,
			);
		};
/* End PBXProject section */

/* Begin PBXResourcesBuildPhase section */
		3344093A1E9750D7001219B9 /* Resources */ = {
			isa = PBXResourcesBuildPhase;
			buildActionMask = 2147483647;
			files = (
				3344094A1E9750D7001219B9 /* LaunchScreen.storyboard in Resources */,
				334409471E9750D7001219B9 /* Assets.xcassets in Resources */,
				334409451E9750D7001219B9 /* Main.storyboard in Resources */,
			);
			runOnlyForDeploymentPostprocessing = 0;
		};
/* End PBXResourcesBuildPhase section */

/* Begin PBXSourcesBuildPhase section */
		334409381E9750D7001219B9 /* Sources */ = {
			isa = PBXSourcesBuildPhase;
			buildActionMask = 2147483647;
			files = (
				334409421E9750D7001219B9 /* ViewController.swift in Sources */,
				334409401E9750D7001219B9 /* AppDelegate.swift in Sources */,
			);
			runOnlyForDeploymentPostprocessing = 0;
		};
/* End PBXSourcesBuildPhase section */

/* Begin PBXVariantGroup section */
		334409431E9750D7001219B9 /* Main.storyboard */ = {
			isa = PBXVariantGroup;
			children = (
				334409441E9750D7001219B9 /* Base */,
			);
			name = Main.storyboard;
			sourceTree = "<group>";
		};
		334409481E9750D7001219B9 /* LaunchScreen.storyboard */ = {
			isa = PBXVariantGroup;
			children = (
				334409491E9750D7001219B9 /* Base */,
			);
			name = LaunchScreen.storyboard;
			sourceTree = "<group>";
		};
/* End PBXVariantGroup section */

/* Begin XCBuildConfiguration section */
		3344094C1E9750D7001219B9 /* Debug */ = {
			isa = XCBuildConfiguration;
			buildSettings = {
				ALWAYS_SEARCH_USER_PATHS = NO;
				CLANG_ANALYZER_NONNULL = YES;
				CLANG_ANALYZER_NUMBER_OBJECT_CONVERSION = YES_AGGRESSIVE;
				CLANG_CXX_LANGUAGE_STANDARD = "gnu++0x";
				CLANG_CXX_LIBRARY = "libc++";
				CLANG_ENABLE_MODULES = YES;
				CLANG_ENABLE_OBJC_ARC = YES;
				CLANG_WARN_BOOL_CONVERSION = YES;
				CLANG_WARN_CONSTANT_CONVERSION = YES;
				CLANG_WARN_DIRECT_OBJC_ISA_USAGE = YES_ERROR;
				CLANG_WARN_DOCUMENTATION_COMMENTS = YES;
				CLANG_WARN_EMPTY_BODY = YES;
				CLANG_WARN_ENUM_CONVERSION = YES;
				CLANG_WARN_INFINITE_RECURSION = YES;
				CLANG_WARN_INT_CONVERSION = YES;
				CLANG_WARN_OBJC_ROOT_CLASS = YES_ERROR;
				CLANG_WARN_SUSPICIOUS_MOVE = YES;
				CLANG_WARN_UNREACHABLE_CODE = YES;
				CLANG_WARN__DUPLICATE_METHOD_MATCH = YES;
				"CODE_SIGN_IDENTITY[sdk=iphoneos*]" = "iPhone Developer";
				COPY_PHASE_STRIP = NO;
				DEBUG_INFORMATION_FORMAT = dwarf;
				ENABLE_STRICT_OBJC_MSGSEND = YES;
				ENABLE_TESTABILITY = YES;
				GCC_C_LANGUAGE_STANDARD = gnu99;
				GCC_DYNAMIC_NO_PIC = NO;
				GCC_NO_COMMON_BLOCKS = YES;
				GCC_OPTIMIZATION_LEVEL = 0;
				GCC_PREPROCESSOR_DEFINITIONS = (
					"DEBUG=1",
					"$(inherited)",
				);
				GCC_WARN_64_TO_32_BIT_CONVERSION = YES;
				GCC_WARN_ABOUT_RETURN_TYPE = YES_ERROR;
				GCC_WARN_UNDECLARED_SELECTOR = YES;
				GCC_WARN_UNINITIALIZED_AUTOS = YES_AGGRESSIVE;
				GCC_WARN_UNUSED_FUNCTION = YES;
				GCC_WARN_UNUSED_VARIABLE = YES;
				IPHONEOS_DEPLOYMENT_TARGET = 10.3;
				MTL_ENABLE_DEBUG_INFO = YES;
				ONLY_ACTIVE_ARCH = YES;
				SDKROOT = iphoneos;
				SWIFT_ACTIVE_COMPILATION_CONDITIONS = DEBUG;
				SWIFT_OPTIMIZATION_LEVEL = "-Onone";
			};
			name = Debug;
		};
		3344094D1E9750D7001219B9 /* Release */ = {
			isa = XCBuildConfiguration;
			buildSettings = {
				ALWAYS_SEARCH_USER_PATHS = NO;
				CLANG_ANALYZER_NONNULL = YES;
				CLANG_ANALYZER_NUMBER_OBJECT_CONVERSION = YES_AGGRESSIVE;
				CLANG_CXX_LANGUAGE_STANDARD = "gnu++0x";
				CLANG_CXX_LIBRARY = "libc++";
				CLANG_ENABLE_MODULES = YES;
				CLANG_ENABLE_OBJC_ARC = YES;
				CLANG_WARN_BOOL_CONVERSION = YES;
				CLANG_WARN_CONSTANT_CONVERSION = YES;
				CLANG_WARN_DIRECT_OBJC_ISA_USAGE = YES_ERROR;
				CLANG_WARN_DOCUMENTATION_COMMENTS = YES;
				CLANG_WARN_EMPTY_BODY = YES;
				CLANG_WARN_ENUM_CONVERSION = YES;
				CLANG_WARN_INFINITE_RECURSION = YES;
				CLANG_WARN_INT_CONVERSION = YES;
				CLANG_WARN_OBJC_ROOT_CLASS = YES_ERROR;
				CLANG_WARN_SUSPICIOUS_MOVE = YES;
				CLANG_WARN_UNREACHABLE_CODE = YES;
				CLANG_WARN__DUPLICATE_METHOD_MATCH = YES;
				"CODE_SIGN_IDENTITY[sdk=iphoneos*]" = "iPhone Developer";
				COPY_PHASE_STRIP = NO;
				DEBUG_INFORMATION_FORMAT = "dwarf-with-dsym";
				ENABLE_NS_ASSERTIONS = NO;
				ENABLE_STRICT_OBJC_MSGSEND = YES;
				GCC_C_LANGUAGE_STANDARD = gnu99;
				GCC_NO_COMMON_BLOCKS = YES;
				GCC_WARN_64_TO_32_BIT_CONVERSION = YES;
				GCC_WARN_ABOUT_RETURN_TYPE = YES_ERROR;
				GCC_WARN_UNDECLARED_SELECTOR = YES;
				GCC_WARN_UNINITIALIZED_AUTOS = YES_AGGRESSIVE;
				GCC_WARN_UNUSED_FUNCTION = YES;
				GCC_WARN_UNUSED_VARIABLE = YES;
				IPHONEOS_DEPLOYMENT_TARGET = 10.3;
				MTL_ENABLE_DEBUG_INFO = NO;
				SDKROOT = iphoneos;
				SWIFT_OPTIMIZATION_LEVEL = "-Owholemodule";
				VALIDATE_PRODUCT = YES;
			};
			name = Release;
		};
		3344094F1E9750D7001219B9 /* Debug */ = {
			isa = XCBuildConfiguration;
			buildSettings = {
				ASSETCATALOG_COMPILER_APPICON_NAME = AppIcon;
				INFOPLIST_FILE = 00357034_hw1/Info.plist;
				LD_RUNPATH_SEARCH_PATHS = "$(inherited) @executable_path/Frameworks";
				PRODUCT_BUNDLE_IDENTIFIER = "com.Jimmy.-0357034-hw1";
				PRODUCT_NAME = "$(TARGET_NAME)";
				SWIFT_VERSION = 3.0;
			};
			name = Debug;
		};
		334409501E9750D7001219B9 /* Release */ = {
			isa = XCBuildConfiguration;
			buildSettings = {
				ASSETCATALOG_COMPILER_APPICON_NAME = AppIcon;
				INFOPLIST_FILE = 00357034_hw1/Info.plist;
				LD_RUNPATH_SEARCH_PATHS = "$(inherited) @executable_path/Frameworks";
				PRODUCT_BUNDLE_IDENTIFIER = "com.Jimmy.-0357034-hw1";
				PRODUCT_NAME = "$(TARGET_NAME)";
				SWIFT_VERSION = 3.0;
			};
			name = Release;
		};
/* End XCBuildConfiguration section */

/* Begin XCConfigurationList section */
		334409371E9750D7001219B9 /* Build configuration list for PBXProject "00357034_hw1" */ = {
			isa = XCConfigurationList;
			buildConfigurations = (
				3344094C1E9750D7001219B9 /* Debug */,
				3344094D1E9750D7001219B9 /* Release */,
			);
			defaultConfigurationIsVisible = 0;
			defaultConfigurationName = Release;
		};
		3344094E1E9750D7001219B9 /* Build configuration list for PBXNativeTarget "00357034_hw1" */ = {
			isa = XCConfigurationList;
			buildConfigurations = (
				3344094F1E9750D7001219B9 /* Debug */,
				334409501E9750D7001219B9 /* Release */,
			);
			defaultConfigurationIsVisible = 0;
		};
/* End XCConfigurationList section */
	};
	rootObject = 334409341E9750D7001219B9 /* Project object */;
}
